// !$*UTF8*$!
{
	archiveVersion = 1;
	classes = {
	};
	objectVersion = 54;
	objects = {

/* Begin PBXBuildFile section */
		011218F001836FAEF98FFE6E /* Pods_Quiz_App.framework in Frameworks */ = {isa = PBXBuildFile; fileRef = BF64575295E751F8B29FBE7F /* Pods_Quiz_App.framework */; };
		2612B0EC26445AE2006BABB8 /* QuizViewController.swift in Sources */ = {isa = PBXBuildFile; fileRef = 2612B0EB26445AE2006BABB8 /* QuizViewController.swift */; };
		2612B0EF26445BAD006BABB8 /* QuizCoordinator.swift in Sources */ = {isa = PBXBuildFile; fileRef = 2612B0EE26445BAD006BABB8 /* QuizCoordinator.swift */; };
		2612B0F92645AC09006BABB8 /* QuestionsViewController.swift in Sources */ = {isa = PBXBuildFile; fileRef = 2612B0F82645AC09006BABB8 /* QuestionsViewController.swift */; };
		2612B0FC2645D6F9006BABB8 /* ResultViewController.swift in Sources */ = {isa = PBXBuildFile; fileRef = 2612B0FB2645D6F8006BABB8 /* ResultViewController.swift */; };
		26975659264E48F90054DBB0 /* User.swift in Sources */ = {isa = PBXBuildFile; fileRef = 26975658264E48F90054DBB0 /* User.swift */; };
		2697565B264E498E0054DBB0 /* Result.swift in Sources */ = {isa = PBXBuildFile; fileRef = 2697565A264E498E0054DBB0 /* Result.swift */; };
		26A9ADC52627209600AA1EC0 /* QuizTableViewCell.swift in Sources */ = {isa = PBXBuildFile; fileRef = 26A9ADC42627209600AA1EC0 /* QuizTableViewCell.swift */; };
		26B3450E2641889C00AC83AE /* AppCoordinator.swift in Sources */ = {isa = PBXBuildFile; fileRef = 26B3450D2641889C00AC83AE /* AppCoordinator.swift */; };
		26B345112641956E00AC83AE /* MainCoordinator.swift in Sources */ = {isa = PBXBuildFile; fileRef = 26B345102641956E00AC83AE /* MainCoordinator.swift */; };
		26B345152641999C00AC83AE /* MyNavigationController.swift in Sources */ = {isa = PBXBuildFile; fileRef = 26B345142641999C00AC83AE /* MyNavigationController.swift */; };
		26B345182641A1ED00AC83AE /* QuizzesTabBarController.swift in Sources */ = {isa = PBXBuildFile; fileRef = 26B345172641A1ED00AC83AE /* QuizzesTabBarController.swift */; };
		26C8F67A2624AAD0001775CC /* AppDelegate.swift in Sources */ = {isa = PBXBuildFile; fileRef = 26C8F6792624AAD0001775CC /* AppDelegate.swift */; };
		26C8F67C2624AAD0001775CC /* SceneDelegate.swift in Sources */ = {isa = PBXBuildFile; fileRef = 26C8F67B2624AAD0001775CC /* SceneDelegate.swift */; };
		26C8F6832624AAD4001775CC /* Assets.xcassets in Resources */ = {isa = PBXBuildFile; fileRef = 26C8F6822624AAD4001775CC /* Assets.xcassets */; };
		26C8F6862624AAD4001775CC /* LaunchScreen.storyboard in Resources */ = {isa = PBXBuildFile; fileRef = 26C8F6842624AAD4001775CC /* LaunchScreen.storyboard */; };
		26C8F69426256FE9001775CC /* LoginViewController.swift in Sources */ = {isa = PBXBuildFile; fileRef = 26C8F69326256FE9001775CC /* LoginViewController.swift */; };
		26C8F6BD2625E305001775CC /* QuizzesViewController.swift in Sources */ = {isa = PBXBuildFile; fileRef = 26C8F6BC2625E305001775CC /* QuizzesViewController.swift */; };
		26C8F6D12625F8DD001775CC /* Question.swift in Sources */ = {isa = PBXBuildFile; fileRef = 26C8F6CE2625F865001775CC /* Question.swift */; };
		26C8F6D22625F8DD001775CC /* LoginStatus.swift in Sources */ = {isa = PBXBuildFile; fileRef = 26C8F6CF2625F865001775CC /* LoginStatus.swift */; };
		26C8F6D32625F8DD001775CC /* QuizCategory.swift in Sources */ = {isa = PBXBuildFile; fileRef = 26C8F6CD2625F865001775CC /* QuizCategory.swift */; };
		26C8F6D42625F8DD001775CC /* Quiz.swift in Sources */ = {isa = PBXBuildFile; fileRef = 26C8F6D02625F865001775CC /* Quiz.swift */; };
		26C8F6DB26260513001775CC /* SettingsViewController.swift in Sources */ = {isa = PBXBuildFile; fileRef = 26C8F6DA26260513001775CC /* SettingsViewController.swift */; };
		26EF4648264D7B00005AC8D1 /* SourceSansPro-SemiBold.ttf in Resources */ = {isa = PBXBuildFile; fileRef = 26EF463C264D7AFF005AC8D1 /* SourceSansPro-SemiBold.ttf */; };
		26EF4649264D7B00005AC8D1 /* SourceSansPro-Black.ttf in Resources */ = {isa = PBXBuildFile; fileRef = 26EF463D264D7AFF005AC8D1 /* SourceSansPro-Black.ttf */; };
		26EF464A264D7B00005AC8D1 /* SourceSansPro-BoldItalic.ttf in Resources */ = {isa = PBXBuildFile; fileRef = 26EF463E264D7AFF005AC8D1 /* SourceSansPro-BoldItalic.ttf */; };
		26EF464B264D7B00005AC8D1 /* SourceSansPro-BlackItalic.ttf in Resources */ = {isa = PBXBuildFile; fileRef = 26EF463F264D7AFF005AC8D1 /* SourceSansPro-BlackItalic.ttf */; };
		26EF464C264D7B00005AC8D1 /* SourceSansPro-Italic.ttf in Resources */ = {isa = PBXBuildFile; fileRef = 26EF4640264D7AFF005AC8D1 /* SourceSansPro-Italic.ttf */; };
		26EF464D264D7B01005AC8D1 /* SourceSansPro-Regular.ttf in Resources */ = {isa = PBXBuildFile; fileRef = 26EF4641264D7AFF005AC8D1 /* SourceSansPro-Regular.ttf */; };
		26EF464E264D7B01005AC8D1 /* SourceSansPro-Light.ttf in Resources */ = {isa = PBXBuildFile; fileRef = 26EF4642264D7B00005AC8D1 /* SourceSansPro-Light.ttf */; };
		26EF464F264D7B01005AC8D1 /* SourceSansPro-LightItalic.ttf in Resources */ = {isa = PBXBuildFile; fileRef = 26EF4643264D7B00005AC8D1 /* SourceSansPro-LightItalic.ttf */; };
		26EF4650264D7B01005AC8D1 /* SourceSansPro-SemiBoldItalic.ttf in Resources */ = {isa = PBXBuildFile; fileRef = 26EF4644264D7B00005AC8D1 /* SourceSansPro-SemiBoldItalic.ttf */; };
		26EF4651264D7B01005AC8D1 /* SourceSansPro-Bold.ttf in Resources */ = {isa = PBXBuildFile; fileRef = 26EF4645264D7B00005AC8D1 /* SourceSansPro-Bold.ttf */; };
		26EF4652264D7B01005AC8D1 /* SourceSansPro-ExtraLight.ttf in Resources */ = {isa = PBXBuildFile; fileRef = 26EF4646264D7B00005AC8D1 /* SourceSansPro-ExtraLight.ttf */; };
		26EF4653264D7B01005AC8D1 /* SourceSansPro-ExtraLightItalic.ttf in Resources */ = {isa = PBXBuildFile; fileRef = 26EF4647264D7B00005AC8D1 /* SourceSansPro-ExtraLightItalic.ttf */; };
		26EF4656264D7F5F005AC8D1 /* NetworkService.swift in Sources */ = {isa = PBXBuildFile; fileRef = 26EF4655264D7F5F005AC8D1 /* NetworkService.swift */; };
		26EF4658264D855C005AC8D1 /* RequestError.swift in Sources */ = {isa = PBXBuildFile; fileRef = 26EF4657264D855C005AC8D1 /* RequestError.swift */; };
		26FA72B22651566400FA3D6A /* Quizzes.swift in Sources */ = {isa = PBXBuildFile; fileRef = 26FA72B12651566400FA3D6A /* Quizzes.swift */; };
		26FA72B626516DCD00FA3D6A /* ResultResponse.swift in Sources */ = {isa = PBXBuildFile; fileRef = 26FA72B526516DCC00FA3D6A /* ResultResponse.swift */; };
/* End PBXBuildFile section */

/* Begin PBXFileReference section */
		018459FD7722283EA7B66C9D /* Pods-Quiz App.release.xcconfig */ = {isa = PBXFileReference; includeInIndex = 1; lastKnownFileType = text.xcconfig; name = "Pods-Quiz App.release.xcconfig"; path = "Target Support Files/Pods-Quiz App/Pods-Quiz App.release.xcconfig"; sourceTree = "<group>"; };
		2612B0EB26445AE2006BABB8 /* QuizViewController.swift */ = {isa = PBXFileReference; lastKnownFileType = sourcecode.swift; path = QuizViewController.swift; sourceTree = "<group>"; };
		2612B0EE26445BAD006BABB8 /* QuizCoordinator.swift */ = {isa = PBXFileReference; lastKnownFileType = sourcecode.swift; path = QuizCoordinator.swift; sourceTree = "<group>"; };
		2612B0F82645AC09006BABB8 /* QuestionsViewController.swift */ = {isa = PBXFileReference; lastKnownFileType = sourcecode.swift; path = QuestionsViewController.swift; sourceTree = "<group>"; };
		2612B0FB2645D6F8006BABB8 /* ResultViewController.swift */ = {isa = PBXFileReference; lastKnownFileType = sourcecode.swift; path = ResultViewController.swift; sourceTree = "<group>"; };
		26975658264E48F90054DBB0 /* User.swift */ = {isa = PBXFileReference; lastKnownFileType = sourcecode.swift; path = User.swift; sourceTree = "<group>"; };
		2697565A264E498E0054DBB0 /* Result.swift */ = {isa = PBXFileReference; lastKnownFileType = sourcecode.swift; path = Result.swift; sourceTree = "<group>"; };
		26A9ADC42627209600AA1EC0 /* QuizTableViewCell.swift */ = {isa = PBXFileReference; lastKnownFileType = sourcecode.swift; path = QuizTableViewCell.swift; sourceTree = "<group>"; };
		26B3450D2641889C00AC83AE /* AppCoordinator.swift */ = {isa = PBXFileReference; lastKnownFileType = sourcecode.swift; path = AppCoordinator.swift; sourceTree = "<group>"; };
		26B345102641956E00AC83AE /* MainCoordinator.swift */ = {isa = PBXFileReference; lastKnownFileType = sourcecode.swift; path = MainCoordinator.swift; sourceTree = "<group>"; };
		26B345142641999C00AC83AE /* MyNavigationController.swift */ = {isa = PBXFileReference; lastKnownFileType = sourcecode.swift; path = MyNavigationController.swift; sourceTree = "<group>"; };
		26B345172641A1ED00AC83AE /* QuizzesTabBarController.swift */ = {isa = PBXFileReference; lastKnownFileType = sourcecode.swift; path = QuizzesTabBarController.swift; sourceTree = "<group>"; };
		26C8F6762624AAD0001775CC /* Quiz App.app */ = {isa = PBXFileReference; explicitFileType = wrapper.application; includeInIndex = 0; path = "Quiz App.app"; sourceTree = BUILT_PRODUCTS_DIR; };
		26C8F6792624AAD0001775CC /* AppDelegate.swift */ = {isa = PBXFileReference; lastKnownFileType = sourcecode.swift; path = AppDelegate.swift; sourceTree = "<group>"; };
		26C8F67B2624AAD0001775CC /* SceneDelegate.swift */ = {isa = PBXFileReference; lastKnownFileType = sourcecode.swift; path = SceneDelegate.swift; sourceTree = "<group>"; };
		26C8F6822624AAD4001775CC /* Assets.xcassets */ = {isa = PBXFileReference; lastKnownFileType = folder.assetcatalog; path = Assets.xcassets; sourceTree = "<group>"; };
		26C8F6852624AAD4001775CC /* Base */ = {isa = PBXFileReference; lastKnownFileType = file.storyboard; name = Base; path = Base.lproj/LaunchScreen.storyboard; sourceTree = "<group>"; };
		26C8F6872624AAD4001775CC /* Info.plist */ = {isa = PBXFileReference; lastKnownFileType = text.plist.xml; path = Info.plist; sourceTree = "<group>"; };
		26C8F69326256FE9001775CC /* LoginViewController.swift */ = {isa = PBXFileReference; lastKnownFileType = sourcecode.swift; path = LoginViewController.swift; sourceTree = "<group>"; };
		26C8F6BC2625E305001775CC /* QuizzesViewController.swift */ = {isa = PBXFileReference; lastKnownFileType = sourcecode.swift; path = QuizzesViewController.swift; sourceTree = "<group>"; };
		26C8F6CD2625F865001775CC /* QuizCategory.swift */ = {isa = PBXFileReference; lastKnownFileType = sourcecode.swift; path = QuizCategory.swift; sourceTree = "<group>"; };
		26C8F6CE2625F865001775CC /* Question.swift */ = {isa = PBXFileReference; lastKnownFileType = sourcecode.swift; path = Question.swift; sourceTree = "<group>"; };
		26C8F6CF2625F865001775CC /* LoginStatus.swift */ = {isa = PBXFileReference; lastKnownFileType = sourcecode.swift; path = LoginStatus.swift; sourceTree = "<group>"; };
		26C8F6D02625F865001775CC /* Quiz.swift */ = {isa = PBXFileReference; lastKnownFileType = sourcecode.swift; path = Quiz.swift; sourceTree = "<group>"; };
		26C8F6DA26260513001775CC /* SettingsViewController.swift */ = {isa = PBXFileReference; lastKnownFileType = sourcecode.swift; path = SettingsViewController.swift; sourceTree = "<group>"; };
		26EF463C264D7AFF005AC8D1 /* SourceSansPro-SemiBold.ttf */ = {isa = PBXFileReference; lastKnownFileType = file; path = "SourceSansPro-SemiBold.ttf"; sourceTree = "<group>"; };
		26EF463D264D7AFF005AC8D1 /* SourceSansPro-Black.ttf */ = {isa = PBXFileReference; lastKnownFileType = file; path = "SourceSansPro-Black.ttf"; sourceTree = "<group>"; };
		26EF463E264D7AFF005AC8D1 /* SourceSansPro-BoldItalic.ttf */ = {isa = PBXFileReference; lastKnownFileType = file; path = "SourceSansPro-BoldItalic.ttf"; sourceTree = "<group>"; };
		26EF463F264D7AFF005AC8D1 /* SourceSansPro-BlackItalic.ttf */ = {isa = PBXFileReference; lastKnownFileType = file; path = "SourceSansPro-BlackItalic.ttf"; sourceTree = "<group>"; };
		26EF4640264D7AFF005AC8D1 /* SourceSansPro-Italic.ttf */ = {isa = PBXFileReference; lastKnownFileType = file; path = "SourceSansPro-Italic.ttf"; sourceTree = "<group>"; };
		26EF4641264D7AFF005AC8D1 /* SourceSansPro-Regular.ttf */ = {isa = PBXFileReference; lastKnownFileType = file; path = "SourceSansPro-Regular.ttf"; sourceTree = "<group>"; };
		26EF4642264D7B00005AC8D1 /* SourceSansPro-Light.ttf */ = {isa = PBXFileReference; lastKnownFileType = file; path = "SourceSansPro-Light.ttf"; sourceTree = "<group>"; };
		26EF4643264D7B00005AC8D1 /* SourceSansPro-LightItalic.ttf */ = {isa = PBXFileReference; lastKnownFileType = file; path = "SourceSansPro-LightItalic.ttf"; sourceTree = "<group>"; };
		26EF4644264D7B00005AC8D1 /* SourceSansPro-SemiBoldItalic.ttf */ = {isa = PBXFileReference; lastKnownFileType = file; path = "SourceSansPro-SemiBoldItalic.ttf"; sourceTree = "<group>"; };
		26EF4645264D7B00005AC8D1 /* SourceSansPro-Bold.ttf */ = {isa = PBXFileReference; lastKnownFileType = file; path = "SourceSansPro-Bold.ttf"; sourceTree = "<group>"; };
		26EF4646264D7B00005AC8D1 /* SourceSansPro-ExtraLight.ttf */ = {isa = PBXFileReference; lastKnownFileType = file; path = "SourceSansPro-ExtraLight.ttf"; sourceTree = "<group>"; };
		26EF4647264D7B00005AC8D1 /* SourceSansPro-ExtraLightItalic.ttf */ = {isa = PBXFileReference; lastKnownFileType = file; path = "SourceSansPro-ExtraLightItalic.ttf"; sourceTree = "<group>"; };
		26EF4655264D7F5F005AC8D1 /* NetworkService.swift */ = {isa = PBXFileReference; lastKnownFileType = sourcecode.swift; path = NetworkService.swift; sourceTree = "<group>"; };
		26EF4657264D855C005AC8D1 /* RequestError.swift */ = {isa = PBXFileReference; lastKnownFileType = sourcecode.swift; path = RequestError.swift; sourceTree = "<group>"; };
		26FA72B12651566400FA3D6A /* Quizzes.swift */ = {isa = PBXFileReference; lastKnownFileType = sourcecode.swift; path = Quizzes.swift; sourceTree = "<group>"; };
		26FA72B526516DCC00FA3D6A /* ResultResponse.swift */ = {isa = PBXFileReference; lastKnownFileType = sourcecode.swift; path = ResultResponse.swift; sourceTree = "<group>"; };
		2C7F6AC25320FE337B81FC80 /* Pods-Quiz App.debug.xcconfig */ = {isa = PBXFileReference; includeInIndex = 1; lastKnownFileType = text.xcconfig; name = "Pods-Quiz App.debug.xcconfig"; path = "Target Support Files/Pods-Quiz App/Pods-Quiz App.debug.xcconfig"; sourceTree = "<group>"; };
		BF64575295E751F8B29FBE7F /* Pods_Quiz_App.framework */ = {isa = PBXFileReference; explicitFileType = wrapper.framework; includeInIndex = 0; path = Pods_Quiz_App.framework; sourceTree = BUILT_PRODUCTS_DIR; };
/* End PBXFileReference section */

/* Begin PBXFrameworksBuildPhase section */
		26C8F6732624AAD0001775CC /* Frameworks */ = {
			isa = PBXFrameworksBuildPhase;
			buildActionMask = 2147483647;
			files = (
				011218F001836FAEF98FFE6E /* Pods_Quiz_App.framework in Frameworks */,
			);
			runOnlyForDeploymentPostprocessing = 0;
		};
/* End PBXFrameworksBuildPhase section */

/* Begin PBXGroup section */
		2612B0E52643F5ED006BABB8 /* Coordinators */ = {
			isa = PBXGroup;
			children = (
				26B3450D2641889C00AC83AE /* AppCoordinator.swift */,
				26B345102641956E00AC83AE /* MainCoordinator.swift */,
				2612B0EE26445BAD006BABB8 /* QuizCoordinator.swift */,
			);
			path = Coordinators;
			sourceTree = "<group>";
		};
		26975657264E45B30054DBB0 /* Networking */ = {
			isa = PBXGroup;
			children = (
				26EF4655264D7F5F005AC8D1 /* NetworkService.swift */,
				26EF4657264D855C005AC8D1 /* RequestError.swift */,
				26975658264E48F90054DBB0 /* User.swift */,
				2697565A264E498E0054DBB0 /* Result.swift */,
				26FA72B12651566400FA3D6A /* Quizzes.swift */,
				26FA72B526516DCC00FA3D6A /* ResultResponse.swift */,
			);
			path = Networking;
			sourceTree = "<group>";
		};
		26A9ADB92627080100AA1EC0 /* Data */ = {
			isa = PBXGroup;
			children = (
				26C8F6CD2625F865001775CC /* QuizCategory.swift */,
				26C8F6CE2625F865001775CC /* Question.swift */,
				26C8F6CF2625F865001775CC /* LoginStatus.swift */,
				26C8F6D02625F865001775CC /* Quiz.swift */,
				26A9ADC42627209600AA1EC0 /* QuizTableViewCell.swift */,
			);
			path = Data;
			sourceTree = "<group>";
		};
		26A9ADCE26277FEB00AA1EC0 /* ViewControllers */ = {
			isa = PBXGroup;
			children = (
				26C8F69326256FE9001775CC /* LoginViewController.swift */,
				26C8F6BC2625E305001775CC /* QuizzesViewController.swift */,
				26C8F6DA26260513001775CC /* SettingsViewController.swift */,
				26B345142641999C00AC83AE /* MyNavigationController.swift */,
				26B345172641A1ED00AC83AE /* QuizzesTabBarController.swift */,
				2612B0EB26445AE2006BABB8 /* QuizViewController.swift */,
				2612B0F82645AC09006BABB8 /* QuestionsViewController.swift */,
				2612B0FB2645D6F8006BABB8 /* ResultViewController.swift */,
			);
			path = ViewControllers;
			sourceTree = "<group>";
		};
		26C8F66D2624AACF001775CC = {
			isa = PBXGroup;
			children = (
				26EF4654264D7B07005AC8D1 /* Fonts */,
				26C8F6782624AAD0001775CC /* Quiz App */,
				26C8F6772624AAD0001775CC /* Products */,
				29D67126EE346EC9CECBCAE3 /* Pods */,
				356F1E90A57B6E262A35A584 /* Frameworks */,
			);
			sourceTree = "<group>";
		};
		26C8F6772624AAD0001775CC /* Products */ = {
			isa = PBXGroup;
			children = (
				26C8F6762624AAD0001775CC /* Quiz App.app */,
			);
			name = Products;
			sourceTree = "<group>";
		};
		26C8F6782624AAD0001775CC /* Quiz App */ = {
			isa = PBXGroup;
			children = (
				26C8F6792624AAD0001775CC /* AppDelegate.swift */,
				26C8F67B2624AAD0001775CC /* SceneDelegate.swift */,
				26C8F6822624AAD4001775CC /* Assets.xcassets */,
				26C8F6842624AAD4001775CC /* LaunchScreen.storyboard */,
				26C8F6872624AAD4001775CC /* Info.plist */,
				2612B0E52643F5ED006BABB8 /* Coordinators */,
				26A9ADCE26277FEB00AA1EC0 /* ViewControllers */,
				26A9ADB92627080100AA1EC0 /* Data */,
				26975657264E45B30054DBB0 /* Networking */,
			);
			path = "Quiz App";
			sourceTree = "<group>";
		};
		26EF4654264D7B07005AC8D1 /* Fonts */ = {
			isa = PBXGroup;
			children = (
				26EF463D264D7AFF005AC8D1 /* SourceSansPro-Black.ttf */,
				26EF463F264D7AFF005AC8D1 /* SourceSansPro-BlackItalic.ttf */,
				26EF4645264D7B00005AC8D1 /* SourceSansPro-Bold.ttf */,
				26EF463E264D7AFF005AC8D1 /* SourceSansPro-BoldItalic.ttf */,
				26EF4646264D7B00005AC8D1 /* SourceSansPro-ExtraLight.ttf */,
				26EF4647264D7B00005AC8D1 /* SourceSansPro-ExtraLightItalic.ttf */,
				26EF4640264D7AFF005AC8D1 /* SourceSansPro-Italic.ttf */,
				26EF4642264D7B00005AC8D1 /* SourceSansPro-Light.ttf */,
				26EF4643264D7B00005AC8D1 /* SourceSansPro-LightItalic.ttf */,
				26EF4641264D7AFF005AC8D1 /* SourceSansPro-Regular.ttf */,
				26EF463C264D7AFF005AC8D1 /* SourceSansPro-SemiBold.ttf */,
				26EF4644264D7B00005AC8D1 /* SourceSansPro-SemiBoldItalic.ttf */,
			);
			path = Fonts;
			sourceTree = "<group>";
		};
		29D67126EE346EC9CECBCAE3 /* Pods */ = {
			isa = PBXGroup;
			children = (
				2C7F6AC25320FE337B81FC80 /* Pods-Quiz App.debug.xcconfig */,
				018459FD7722283EA7B66C9D /* Pods-Quiz App.release.xcconfig */,
			);
			path = Pods;
			sourceTree = "<group>";
		};
		356F1E90A57B6E262A35A584 /* Frameworks */ = {
			isa = PBXGroup;
			children = (
				BF64575295E751F8B29FBE7F /* Pods_Quiz_App.framework */,
			);
			name = Frameworks;
			sourceTree = "<group>";
		};
/* End PBXGroup section */

/* Begin PBXNativeTarget section */
		26C8F6752624AAD0001775CC /* Quiz App */ = {
			isa = PBXNativeTarget;
			buildConfigurationList = 26C8F68A2624AAD4001775CC /* Build configuration list for PBXNativeTarget "Quiz App" */;
			buildPhases = (
				459DD3ED2C00776052047AAF /* [CP] Check Pods Manifest.lock */,
				26C8F6722624AAD0001775CC /* Sources */,
				26C8F6732624AAD0001775CC /* Frameworks */,
				26C8F6742624AAD0001775CC /* Resources */,
				EDA9C94EB4D0030EA2DF2D3B /* [CP] Embed Pods Frameworks */,
			);
			buildRules = (
			);
			dependencies = (
			);
			name = "Quiz App";
			productName = "Quiz App";
			productReference = 26C8F6762624AAD0001775CC /* Quiz App.app */;
			productType = "com.apple.product-type.application";
		};
/* End PBXNativeTarget section */

/* Begin PBXProject section */
		26C8F66E2624AACF001775CC /* Project object */ = {
			isa = PBXProject;
			attributes = {
				LastSwiftUpdateCheck = 1240;
				LastUpgradeCheck = 1240;
				TargetAttributes = {
					26C8F6752624AAD0001775CC = {
						CreatedOnToolsVersion = 12.4;
					};
				};
			};
			buildConfigurationList = 26C8F6712624AAD0001775CC /* Build configuration list for PBXProject "Quiz App" */;
			compatibilityVersion = "Xcode 12.0";
			developmentRegion = en;
			hasScannedForEncodings = 0;
			knownRegions = (
				en,
				Base,
			);
			mainGroup = 26C8F66D2624AACF001775CC;
			productRefGroup = 26C8F6772624AAD0001775CC /* Products */;
			projectDirPath = "";
			projectRoot = "";
			targets = (
				26C8F6752624AAD0001775CC /* Quiz App */,
			);
		};
/* End PBXProject section */

/* Begin PBXResourcesBuildPhase section */
		26C8F6742624AAD0001775CC /* Resources */ = {
			isa = PBXResourcesBuildPhase;
			buildActionMask = 2147483647;
			files = (
				26EF464B264D7B00005AC8D1 /* SourceSansPro-BlackItalic.ttf in Resources */,
				26EF4650264D7B01005AC8D1 /* SourceSansPro-SemiBoldItalic.ttf in Resources */,
				26EF4649264D7B00005AC8D1 /* SourceSansPro-Black.ttf in Resources */,
				26EF464A264D7B00005AC8D1 /* SourceSansPro-BoldItalic.ttf in Resources */,
				26EF464E264D7B01005AC8D1 /* SourceSansPro-Light.ttf in Resources */,
				26EF464D264D7B01005AC8D1 /* SourceSansPro-Regular.ttf in Resources */,
				26EF464F264D7B01005AC8D1 /* SourceSansPro-LightItalic.ttf in Resources */,
				26EF4648264D7B00005AC8D1 /* SourceSansPro-SemiBold.ttf in Resources */,
				26EF4653264D7B01005AC8D1 /* SourceSansPro-ExtraLightItalic.ttf in Resources */,
				26EF4652264D7B01005AC8D1 /* SourceSansPro-ExtraLight.ttf in Resources */,
				26C8F6862624AAD4001775CC /* LaunchScreen.storyboard in Resources */,
				26EF464C264D7B00005AC8D1 /* SourceSansPro-Italic.ttf in Resources */,
				26C8F6832624AAD4001775CC /* Assets.xcassets in Resources */,
				26EF4651264D7B01005AC8D1 /* SourceSansPro-Bold.ttf in Resources */,
			);
			runOnlyForDeploymentPostprocessing = 0;
		};
/* End PBXResourcesBuildPhase section */

/* Begin PBXShellScriptBuildPhase section */
		459DD3ED2C00776052047AAF /* [CP] Check Pods Manifest.lock */ = {
			isa = PBXShellScriptBuildPhase;
			buildActionMask = 2147483647;
			files = (
			);
			inputFileListPaths = (
			);
			inputPaths = (
				"${PODS_PODFILE_DIR_PATH}/Podfile.lock",
				"${PODS_ROOT}/Manifest.lock",
			);
			name = "[CP] Check Pods Manifest.lock";
			outputFileListPaths = (
			);
			outputPaths = (
				"$(DERIVED_FILE_DIR)/Pods-Quiz App-checkManifestLockResult.txt",
			);
			runOnlyForDeploymentPostprocessing = 0;
			shellPath = /bin/sh;
			shellScript = "diff \"${PODS_PODFILE_DIR_PATH}/Podfile.lock\" \"${PODS_ROOT}/Manifest.lock\" > /dev/null\nif [ $? != 0 ] ; then\n    # print error to STDERR\n    echo \"error: The sandbox is not in sync with the Podfile.lock. Run 'pod install' or update your CocoaPods installation.\" >&2\n    exit 1\nfi\n# This output is used by Xcode 'outputs' to avoid re-running this script phase.\necho \"SUCCESS\" > \"${SCRIPT_OUTPUT_FILE_0}\"\n";
			showEnvVarsInLog = 0;
		};
		EDA9C94EB4D0030EA2DF2D3B /* [CP] Embed Pods Frameworks */ = {
			isa = PBXShellScriptBuildPhase;
			buildActionMask = 2147483647;
			files = (
			);
			inputFileListPaths = (
				"${PODS_ROOT}/Target Support Files/Pods-Quiz App/Pods-Quiz App-frameworks-${CONFIGURATION}-input-files.xcfilelist",
			);
			name = "[CP] Embed Pods Frameworks";
			outputFileListPaths = (
				"${PODS_ROOT}/Target Support Files/Pods-Quiz App/Pods-Quiz App-frameworks-${CONFIGURATION}-output-files.xcfilelist",
			);
			runOnlyForDeploymentPostprocessing = 0;
			shellPath = /bin/sh;
			shellScript = "\"${PODS_ROOT}/Target Support Files/Pods-Quiz App/Pods-Quiz App-frameworks.sh\"\n";
			showEnvVarsInLog = 0;
		};
/* End PBXShellScriptBuildPhase section */

/* Begin PBXSourcesBuildPhase section */
		26C8F6722624AAD0001775CC /* Sources */ = {
			isa = PBXSourcesBuildPhase;
			buildActionMask = 2147483647;
			files = (
				26C8F6BD2625E305001775CC /* QuizzesViewController.swift in Sources */,
				2612B0EC26445AE2006BABB8 /* QuizViewController.swift in Sources */,
				26B345152641999C00AC83AE /* MyNavigationController.swift in Sources */,
				26C8F6D22625F8DD001775CC /* LoginStatus.swift in Sources */,
				26C8F69426256FE9001775CC /* LoginViewController.swift in Sources */,
				26C8F67A2624AAD0001775CC /* AppDelegate.swift in Sources */,
				2697565B264E498E0054DBB0 /* Result.swift in Sources */,
				26FA72B22651566400FA3D6A /* Quizzes.swift in Sources */,
				26B345182641A1ED00AC83AE /* QuizzesTabBarController.swift in Sources */,
				2612B0EF26445BAD006BABB8 /* QuizCoordinator.swift in Sources */,
				2612B0F92645AC09006BABB8 /* QuestionsViewController.swift in Sources */,
				26B3450E2641889C00AC83AE /* AppCoordinator.swift in Sources */,
				26C8F6D32625F8DD001775CC /* QuizCategory.swift in Sources */,
				26C8F6D42625F8DD001775CC /* Quiz.swift in Sources */,
				26EF4656264D7F5F005AC8D1 /* NetworkService.swift in Sources */,
				26EF4658264D855C005AC8D1 /* RequestError.swift in Sources */,
				26C8F67C2624AAD0001775CC /* SceneDelegate.swift in Sources */,
				26C8F6D12625F8DD001775CC /* Question.swift in Sources */,
				2612B0FC2645D6F9006BABB8 /* ResultViewController.swift in Sources */,
				26A9ADC52627209600AA1EC0 /* QuizTableViewCell.swift in Sources */,
				26B345112641956E00AC83AE /* MainCoordinator.swift in Sources */,
				26FA72B626516DCD00FA3D6A /* ResultResponse.swift in Sources */,
				26C8F6DB26260513001775CC /* SettingsViewController.swift in Sources */,
				26975659264E48F90054DBB0 /* User.swift in Sources */,
			);
			runOnlyForDeploymentPostprocessing = 0;
		};
/* End PBXSourcesBuildPhase section */

/* Begin PBXVariantGroup section */
		26C8F6842624AAD4001775CC /* LaunchScreen.storyboard */ = {
			isa = PBXVariantGroup;
			children = (
				26C8F6852624AAD4001775CC /* Base */,
			);
			name = LaunchScreen.storyboard;
			sourceTree = "<group>";
		};
/* End PBXVariantGroup section */

/* Begin XCBuildConfiguration section */
		26C8F6882624AAD4001775CC /* Debug */ = {
			isa = XCBuildConfiguration;
			buildSettings = {
				ALWAYS_SEARCH_USER_PATHS = NO;
				CLANG_ANALYZER_NONNULL = YES;
				CLANG_ANALYZER_NUMBER_OBJECT_CONVERSION = YES_AGGRESSIVE;
				CLANG_CXX_LANGUAGE_STANDARD = "gnu++14";
				CLANG_CXX_LIBRARY = "libc++";
				CLANG_ENABLE_MODULES = YES;
				CLANG_ENABLE_OBJC_ARC = YES;
				CLANG_ENABLE_OBJC_WEAK = YES;
				CLANG_WARN_BLOCK_CAPTURE_AUTORELEASING = YES;
				CLANG_WARN_BOOL_CONVERSION = YES;
				CLANG_WARN_COMMA = YES;
				CLANG_WARN_CONSTANT_CONVERSION = YES;
				CLANG_WARN_DEPRECATED_OBJC_IMPLEMENTATIONS = YES;
				CLANG_WARN_DIRECT_OBJC_ISA_USAGE = YES_ERROR;
				CLANG_WARN_DOCUMENTATION_COMMENTS = YES;
				CLANG_WARN_EMPTY_BODY = YES;
				CLANG_WARN_ENUM_CONVERSION = YES;
				CLANG_WARN_INFINITE_RECURSION = YES;
				CLANG_WARN_INT_CONVERSION = YES;
				CLANG_WARN_NON_LITERAL_NULL_CONVERSION = YES;
				CLANG_WARN_OBJC_IMPLICIT_RETAIN_SELF = YES;
				CLANG_WARN_OBJC_LITERAL_CONVERSION = YES;
				CLANG_WARN_OBJC_ROOT_CLASS = YES_ERROR;
				CLANG_WARN_QUOTED_INCLUDE_IN_FRAMEWORK_HEADER = YES;
				CLANG_WARN_RANGE_LOOP_ANALYSIS = YES;
				CLANG_WARN_STRICT_PROTOTYPES = YES;
				CLANG_WARN_SUSPICIOUS_MOVE = YES;
				CLANG_WARN_UNGUARDED_AVAILABILITY = YES_AGGRESSIVE;
				CLANG_WARN_UNREACHABLE_CODE = YES;
				CLANG_WARN__DUPLICATE_METHOD_MATCH = YES;
				COPY_PHASE_STRIP = NO;
				DEBUG_INFORMATION_FORMAT = dwarf;
				ENABLE_STRICT_OBJC_MSGSEND = YES;
				ENABLE_TESTABILITY = YES;
				GCC_C_LANGUAGE_STANDARD = gnu11;
				GCC_DYNAMIC_NO_PIC = NO;
				GCC_NO_COMMON_BLOCKS = YES;
				GCC_OPTIMIZATION_LEVEL = 0;
				GCC_PREPROCESSOR_DEFINITIONS = (
					"DEBUG=1",
					"$(inherited)",
				);
				GCC_WARN_64_TO_32_BIT_CONVERSION = YES;
				GCC_WARN_ABOUT_RETURN_TYPE = YES_ERROR;
				GCC_WARN_UNDECLARED_SELECTOR = YES;
				GCC_WARN_UNINITIALIZED_AUTOS = YES_AGGRESSIVE;
				GCC_WARN_UNUSED_FUNCTION = YES;
				GCC_WARN_UNUSED_VARIABLE = YES;
				IPHONEOS_DEPLOYMENT_TARGET = 14.4;
				MTL_ENABLE_DEBUG_INFO = INCLUDE_SOURCE;
				MTL_FAST_MATH = YES;
				ONLY_ACTIVE_ARCH = YES;
				SDKROOT = iphoneos;
				SWIFT_ACTIVE_COMPILATION_CONDITIONS = DEBUG;
				SWIFT_OPTIMIZATION_LEVEL = "-Onone";
			};
			name = Debug;
		};
		26C8F6892624AAD4001775CC /* Release */ = {
			isa = XCBuildConfiguration;
			buildSettings = {
				ALWAYS_SEARCH_USER_PATHS = NO;
				CLANG_ANALYZER_NONNULL = YES;
				CLANG_ANALYZER_NUMBER_OBJECT_CONVERSION = YES_AGGRESSIVE;
				CLANG_CXX_LANGUAGE_STANDARD = "gnu++14";
				CLANG_CXX_LIBRARY = "libc++";
				CLANG_ENABLE_MODULES = YES;
				CLANG_ENABLE_OBJC_ARC = YES;
				CLANG_ENABLE_OBJC_WEAK = YES;
				CLANG_WARN_BLOCK_CAPTURE_AUTORELEASING = YES;
				CLANG_WARN_BOOL_CONVERSION = YES;
				CLANG_WARN_COMMA = YES;
				CLANG_WARN_CONSTANT_CONVERSION = YES;
				CLANG_WARN_DEPRECATED_OBJC_IMPLEMENTATIONS = YES;
				CLANG_WARN_DIRECT_OBJC_ISA_USAGE = YES_ERROR;
				CLANG_WARN_DOCUMENTATION_COMMENTS = YES;
				CLANG_WARN_EMPTY_BODY = YES;
				CLANG_WARN_ENUM_CONVERSION = YES;
				CLANG_WARN_INFINITE_RECURSION = YES;
				CLANG_WARN_INT_CONVERSION = YES;
				CLANG_WARN_NON_LITERAL_NULL_CONVERSION = YES;
				CLANG_WARN_OBJC_IMPLICIT_RETAIN_SELF = YES;
				CLANG_WARN_OBJC_LITERAL_CONVERSION = YES;
				CLANG_WARN_OBJC_ROOT_CLASS = YES_ERROR;
				CLANG_WARN_QUOTED_INCLUDE_IN_FRAMEWORK_HEADER = YES;
				CLANG_WARN_RANGE_LOOP_ANALYSIS = YES;
				CLANG_WARN_STRICT_PROTOTYPES = YES;
				CLANG_WARN_SUSPICIOUS_MOVE = YES;
				CLANG_WARN_UNGUARDED_AVAILABILITY = YES_AGGRESSIVE;
				CLANG_WARN_UNREACHABLE_CODE = YES;
				CLANG_WARN__DUPLICATE_METHOD_MATCH = YES;
				COPY_PHASE_STRIP = NO;
				DEBUG_INFORMATION_FORMAT = "dwarf-with-dsym";
				ENABLE_NS_ASSERTIONS = NO;
				ENABLE_STRICT_OBJC_MSGSEND = YES;
				GCC_C_LANGUAGE_STANDARD = gnu11;
				GCC_NO_COMMON_BLOCKS = YES;
				GCC_WARN_64_TO_32_BIT_CONVERSION = YES;
				GCC_WARN_ABOUT_RETURN_TYPE = YES_ERROR;
				GCC_WARN_UNDECLARED_SELECTOR = YES;
				GCC_WARN_UNINITIALIZED_AUTOS = YES_AGGRESSIVE;
				GCC_WARN_UNUSED_FUNCTION = YES;
				GCC_WARN_UNUSED_VARIABLE = YES;
				IPHONEOS_DEPLOYMENT_TARGET = 14.4;
				MTL_ENABLE_DEBUG_INFO = NO;
				MTL_FAST_MATH = YES;
				SDKROOT = iphoneos;
				SWIFT_COMPILATION_MODE = wholemodule;
				SWIFT_OPTIMIZATION_LEVEL = "-O";
				VALIDATE_PRODUCT = YES;
			};
			name = Release;
		};
		26C8F68B2624AAD4001775CC /* Debug */ = {
			isa = XCBuildConfiguration;
			baseConfigurationReference = 2C7F6AC25320FE337B81FC80 /* Pods-Quiz App.debug.xcconfig */;
			buildSettings = {
				ASSETCATALOG_COMPILER_APPICON_NAME = AppIcon;
				ASSETCATALOG_COMPILER_GLOBAL_ACCENT_COLOR_NAME = AccentColor;
				CODE_SIGN_STYLE = Automatic;
				DEVELOPMENT_TEAM = 4Q9LGBAJ9D;
				INFOPLIST_FILE = "Quiz App/Info.plist";
				LD_RUNPATH_SEARCH_PATHS = (
					"$(inherited)",
					"@executable_path/Frameworks",
				);
				PRODUCT_BUNDLE_IDENTIFIER = "hr.fer.skarpa.leo.Quiz-App";
				PRODUCT_NAME = "$(TARGET_NAME)";
				SWIFT_VERSION = 5.0;
				TARGETED_DEVICE_FAMILY = "1,2";
			};
			name = Debug;
		};
		26C8F68C2624AAD4001775CC /* Release */ = {
			isa = XCBuildConfiguration;
			baseConfigurationReference = 018459FD7722283EA7B66C9D /* Pods-Quiz App.release.xcconfig */;
			buildSettings = {
				ASSETCATALOG_COMPILER_APPICON_NAME = AppIcon;
				ASSETCATALOG_COMPILER_GLOBAL_ACCENT_COLOR_NAME = AccentColor;
				CODE_SIGN_STYLE = Automatic;
				DEVELOPMENT_TEAM = 4Q9LGBAJ9D;
				INFOPLIST_FILE = "Quiz App/Info.plist";
				LD_RUNPATH_SEARCH_PATHS = (
					"$(inherited)",
					"@executable_path/Frameworks",
				);
				PRODUCT_BUNDLE_IDENTIFIER = "hr.fer.skarpa.leo.Quiz-App";
				PRODUCT_NAME = "$(TARGET_NAME)";
				SWIFT_VERSION = 5.0;
				TARGETED_DEVICE_FAMILY = "1,2";
			};
			name = Release;
		};
/* End XCBuildConfiguration section */

/* Begin XCConfigurationList section */
		26C8F6712624AAD0001775CC /* Build configuration list for PBXProject "Quiz App" */ = {
			isa = XCConfigurationList;
			buildConfigurations = (
				26C8F6882624AAD4001775CC /* Debug */,
				26C8F6892624AAD4001775CC /* Release */,
			);
			defaultConfigurationIsVisible = 0;
			defaultConfigurationName = Release;
		};
		26C8F68A2624AAD4001775CC /* Build configuration list for PBXNativeTarget "Quiz App" */ = {
			isa = XCConfigurationList;
			buildConfigurations = (
				26C8F68B2624AAD4001775CC /* Debug */,
				26C8F68C2624AAD4001775CC /* Release */,
			);
			defaultConfigurationIsVisible = 0;
			defaultConfigurationName = Release;
		};
/* End XCConfigurationList section */
	};
	rootObject = 26C8F66E2624AACF001775CC /* Project object */;
}
